// !$*UTF8*$!
{
	archiveVersion = 1;
	classes = {
	};
	objectVersion = 46;
	objects = {

/* Begin PBXBuildFile section */
		BF2DCA5D1680FD9700C26D6E /* Cocoa.framework in Frameworks */ = {isa = PBXBuildFile; fileRef = BF2DCA5C1680FD9700C26D6E /* Cocoa.framework */; };
		BF2DCA671680FD9700C26D6E /* InfoPlist.strings in Resources */ = {isa = PBXBuildFile; fileRef = BF2DCA651680FD9700C26D6E /* InfoPlist.strings */; };
		BF2DCA771680FE1700C26D6E /* Foundation.framework in Frameworks */ = {isa = PBXBuildFile; fileRef = BF2DCA761680FE1700C26D6E /* Foundation.framework */; };
		BF2DCA821680FEF600C26D6E /* ScrapeKit.h in Headers */ = {isa = PBXBuildFile; fileRef = BF2DCA691680FD9700C26D6E /* ScrapeKit.h */; settings = {ATTRIBUTES = (Public, ); }; };
/* End PBXBuildFile section */

/* Begin PBXCopyFilesBuildPhase section */
		BF2DCA731680FE1700C26D6E /* CopyFiles */ = {
			isa = PBXCopyFilesBuildPhase;
			buildActionMask = 2147483647;
			dstPath = "include/${PRODUCT_NAME}";
			dstSubfolderSpec = 16;
			files = (
			);
			runOnlyForDeploymentPostprocessing = 0;
		};
/* End PBXCopyFilesBuildPhase section */

/* Begin PBXFileReference section */
		BF2DCA591680FD9700C26D6E /* ScrapeKit.framework */ = {isa = PBXFileReference; explicitFileType = wrapper.framework; includeInIndex = 0; path = ScrapeKit.framework; sourceTree = BUILT_PRODUCTS_DIR; };
		BF2DCA5C1680FD9700C26D6E /* Cocoa.framework */ = {isa = PBXFileReference; lastKnownFileType = wrapper.framework; name = Cocoa.framework; path = System/Library/Frameworks/Cocoa.framework; sourceTree = SDKROOT; };
		BF2DCA5F1680FD9700C26D6E /* AppKit.framework */ = {isa = PBXFileReference; lastKnownFileType = wrapper.framework; name = AppKit.framework; path = System/Library/Frameworks/AppKit.framework; sourceTree = SDKROOT; };
		BF2DCA601680FD9700C26D6E /* CoreData.framework */ = {isa = PBXFileReference; lastKnownFileType = wrapper.framework; name = CoreData.framework; path = System/Library/Frameworks/CoreData.framework; sourceTree = SDKROOT; };
		BF2DCA611680FD9700C26D6E /* Foundation.framework */ = {isa = PBXFileReference; lastKnownFileType = wrapper.framework; name = Foundation.framework; path = System/Library/Frameworks/Foundation.framework; sourceTree = SDKROOT; };
		BF2DCA641680FD9700C26D6E /* ScrapeKit-Info.plist */ = {isa = PBXFileReference; lastKnownFileType = text.plist.xml; path = "ScrapeKit-Info.plist"; sourceTree = "<group>"; };
		BF2DCA661680FD9700C26D6E /* en */ = {isa = PBXFileReference; lastKnownFileType = text.plist.strings; name = en; path = en.lproj/InfoPlist.strings; sourceTree = "<group>"; };
		BF2DCA681680FD9700C26D6E /* ScrapeKit-Prefix.pch */ = {isa = PBXFileReference; lastKnownFileType = sourcecode.c.h; path = "ScrapeKit-Prefix.pch"; sourceTree = "<group>"; };
		BF2DCA691680FD9700C26D6E /* ScrapeKit.h */ = {isa = PBXFileReference; lastKnownFileType = sourcecode.c.h; path = ScrapeKit.h; sourceTree = "<group>"; };
		BF2DCA751680FE1700C26D6E /* libScrapeKit.a */ = {isa = PBXFileReference; explicitFileType = archive.ar; includeInIndex = 0; path = libScrapeKit.a; sourceTree = BUILT_PRODUCTS_DIR; };
		BF2DCA761680FE1700C26D6E /* Foundation.framework */ = {isa = PBXFileReference; lastKnownFileType = wrapper.framework; name = Foundation.framework; path = System/Library/Frameworks/Foundation.framework; sourceTree = SDKROOT; };
/* End PBXFileReference section */

/* Begin PBXFrameworksBuildPhase section */
		BF2DCA551680FD9700C26D6E /* Frameworks */ = {
			isa = PBXFrameworksBuildPhase;
			buildActionMask = 2147483647;
			files = (
				BF2DCA5D1680FD9700C26D6E /* Cocoa.framework in Frameworks */,
			);
			runOnlyForDeploymentPostprocessing = 0;
		};
		BF2DCA721680FE1700C26D6E /* Frameworks */ = {
			isa = PBXFrameworksBuildPhase;
			buildActionMask = 2147483647;
			files = (
				BF2DCA771680FE1700C26D6E /* Foundation.framework in Frameworks */,
			);
			runOnlyForDeploymentPostprocessing = 0;
		};
/* End PBXFrameworksBuildPhase section */

/* Begin PBXGroup section */
		BF2DCA4D1680FD9700C26D6E = {
			isa = PBXGroup;
			children = (
				BF2DCA621680FD9700C26D6E /* ScrapeKit */,
				BF2DCA5B1680FD9700C26D6E /* Frameworks */,
				BF2DCA5A1680FD9700C26D6E /* Products */,
			);
			sourceTree = "<group>";
		};
		BF2DCA5A1680FD9700C26D6E /* Products */ = {
			isa = PBXGroup;
			children = (
				BF2DCA591680FD9700C26D6E /* ScrapeKit.framework */,
				BF2DCA751680FE1700C26D6E /* libScrapeKit.a */,
			);
			name = Products;
			sourceTree = "<group>";
		};
		BF2DCA5B1680FD9700C26D6E /* Frameworks */ = {
			isa = PBXGroup;
			children = (
				BF2DCA5C1680FD9700C26D6E /* Cocoa.framework */,
				BF2DCA761680FE1700C26D6E /* Foundation.framework */,
				BF2DCA5E1680FD9700C26D6E /* Other Frameworks */,
			);
			name = Frameworks;
			sourceTree = "<group>";
		};
		BF2DCA5E1680FD9700C26D6E /* Other Frameworks */ = {
			isa = PBXGroup;
			children = (
				BF2DCA5F1680FD9700C26D6E /* AppKit.framework */,
				BF2DCA601680FD9700C26D6E /* CoreData.framework */,
				BF2DCA611680FD9700C26D6E /* Foundation.framework */,
			);
			name = "Other Frameworks";
			sourceTree = "<group>";
		};
		BF2DCA621680FD9700C26D6E /* ScrapeKit */ = {
			isa = PBXGroup;
			children = (
				BF2DCA691680FD9700C26D6E /* ScrapeKit.h */,
				BF2DCA631680FD9700C26D6E /* Supporting Files */,
			);
			path = ScrapeKit;
			sourceTree = "<group>";
		};
		BF2DCA631680FD9700C26D6E /* Supporting Files */ = {
			isa = PBXGroup;
			children = (
				BF2DCA641680FD9700C26D6E /* ScrapeKit-Info.plist */,
				BF2DCA651680FD9700C26D6E /* InfoPlist.strings */,
				BF2DCA681680FD9700C26D6E /* ScrapeKit-Prefix.pch */,
			);
			name = "Supporting Files";
			sourceTree = "<group>";
		};
/* End PBXGroup section */

/* Begin PBXHeadersBuildPhase section */
		BF2DCA561680FD9700C26D6E /* Headers */ = {
			isa = PBXHeadersBuildPhase;
			buildActionMask = 2147483647;
			files = (
				BF2DCA821680FEF600C26D6E /* ScrapeKit.h in Headers */,
			);
			runOnlyForDeploymentPostprocessing = 0;
		};
/* End PBXHeadersBuildPhase section */

/* Begin PBXNativeTarget section */
		BF2DCA581680FD9700C26D6E /* ScrapeKit.framework */ = {
			isa = PBXNativeTarget;
			buildConfigurationList = BF2DCA6E1680FD9700C26D6E /* Build configuration list for PBXNativeTarget "ScrapeKit.framework" */;
			buildPhases = (
				BF2DCA541680FD9700C26D6E /* Sources */,
				BF2DCA551680FD9700C26D6E /* Frameworks */,
				BF2DCA561680FD9700C26D6E /* Headers */,
				BF2DCA571680FD9700C26D6E /* Resources */,
			);
			buildRules = (
			);
			dependencies = (
			);
			name = ScrapeKit.framework;
			productName = ScrapeKit;
			productReference = BF2DCA591680FD9700C26D6E /* ScrapeKit.framework */;
			productType = "com.apple.product-type.framework";
		};
		BF2DCA741680FE1700C26D6E /* libScrapeKit.a */ = {
			isa = PBXNativeTarget;
			buildConfigurationList = BF2DCA7F1680FE1700C26D6E /* Build configuration list for PBXNativeTarget "libScrapeKit.a" */;
			buildPhases = (
				BF2DCA711680FE1700C26D6E /* Sources */,
				BF2DCA721680FE1700C26D6E /* Frameworks */,
				BF2DCA731680FE1700C26D6E /* CopyFiles */,
			);
			buildRules = (
			);
			dependencies = (
			);
			name = libScrapeKit.a;
			productName = ScrapeKit;
			productReference = BF2DCA751680FE1700C26D6E /* libScrapeKit.a */;
			productType = "com.apple.product-type.library.static";
		};
/* End PBXNativeTarget section */

/* Begin PBXProject section */
		BF2DCA4F1680FD9700C26D6E /* Project object */ = {
			isa = PBXProject;
			attributes = {
				LastUpgradeCheck = 0450;
				ORGANIZATIONNAME = "BlackDog Foundry";
			};
			buildConfigurationList = BF2DCA521680FD9700C26D6E /* Build configuration list for PBXProject "ScrapeKit" */;
			compatibilityVersion = "Xcode 3.2";
			developmentRegion = English;
			hasScannedForEncodings = 0;
			knownRegions = (
				en,
			);
			mainGroup = BF2DCA4D1680FD9700C26D6E;
			productRefGroup = BF2DCA5A1680FD9700C26D6E /* Products */;
			projectDirPath = "";
			projectRoot = "";
			targets = (
				BF2DCA581680FD9700C26D6E /* ScrapeKit.framework */,
				BF2DCA741680FE1700C26D6E /* libScrapeKit.a */,
			);
		};
/* End PBXProject section */

/* Begin PBXResourcesBuildPhase section */
		BF2DCA571680FD9700C26D6E /* Resources */ = {
			isa = PBXResourcesBuildPhase;
			buildActionMask = 2147483647;
			files = (
				BF2DCA671680FD9700C26D6E /* InfoPlist.strings in Resources */,
			);
			runOnlyForDeploymentPostprocessing = 0;
		};
/* End PBXResourcesBuildPhase section */

/* Begin PBXSourcesBuildPhase section */
		BF2DCA541680FD9700C26D6E /* Sources */ = {
			isa = PBXSourcesBuildPhase;
			buildActionMask = 2147483647;
			files = (
			);
			runOnlyForDeploymentPostprocessing = 0;
		};
		BF2DCA711680FE1700C26D6E /* Sources */ = {
			isa = PBXSourcesBuildPhase;
			buildActionMask = 2147483647;
			files = (
			);
			runOnlyForDeploymentPostprocessing = 0;
		};
/* End PBXSourcesBuildPhase section */

/* Begin PBXVariantGroup section */
		BF2DCA651680FD9700C26D6E /* InfoPlist.strings */ = {
			isa = PBXVariantGroup;
			children = (
				BF2DCA661680FD9700C26D6E /* en */,
			);
			name = InfoPlist.strings;
			sourceTree = "<group>";
		};
/* End PBXVariantGroup section */

/* Begin XCBuildConfiguration section */
		BF2DCA6C1680FD9700C26D6E /* Debug */ = {
			isa = XCBuildConfiguration;
			buildSettings = {
				ALWAYS_SEARCH_USER_PATHS = NO;
				ARCHS = "$(ARCHS_STANDARD_64_BIT)";
				CLANG_CXX_LANGUAGE_STANDARD = "gnu++0x";
				CLANG_CXX_LIBRARY = "libc++";
				CLANG_ENABLE_OBJC_ARC = YES;
				CLANG_WARN_EMPTY_BODY = YES;
				CLANG_WARN__DUPLICATE_METHOD_MATCH = YES;
				COPY_PHASE_STRIP = NO;
				GCC_C_LANGUAGE_STANDARD = gnu99;
				GCC_DYNAMIC_NO_PIC = NO;
				GCC_ENABLE_OBJC_EXCEPTIONS = YES;
				GCC_OPTIMIZATION_LEVEL = 0;
				GCC_PREPROCESSOR_DEFINITIONS = (
					"DEBUG=1",
					"$(inherited)",
				);
				GCC_SYMBOLS_PRIVATE_EXTERN = NO;
				GCC_WARN_64_TO_32_BIT_CONVERSION = YES;
				GCC_WARN_ABOUT_RETURN_TYPE = YES;
				GCC_WARN_UNINITIALIZED_AUTOS = YES;
				GCC_WARN_UNUSED_VARIABLE = YES;
				MACOSX_DEPLOYMENT_TARGET = 10.8;
				ONLY_ACTIVE_ARCH = YES;
				SDKROOT = macosx;
			};
			name = Debug;
		};
		BF2DCA6D1680FD9700C26D6E /* Release */ = {
			isa = XCBuildConfiguration;
			buildSettings = {
				ALWAYS_SEARCH_USER_PATHS = NO;
				ARCHS = "$(ARCHS_STANDARD_64_BIT)";
				CLANG_CXX_LANGUAGE_STANDARD = "gnu++0x";
				CLANG_CXX_LIBRARY = "libc++";
				CLANG_ENABLE_OBJC_ARC = YES;
				CLANG_WARN_EMPTY_BODY = YES;
				CLANG_WARN__DUPLICATE_METHOD_MATCH = YES;
				COPY_PHASE_STRIP = YES;
				DEBUG_INFORMATION_FORMAT = "dwarf-with-dsym";
				GCC_C_LANGUAGE_STANDARD = gnu99;
				GCC_ENABLE_OBJC_EXCEPTIONS = YES;
				GCC_WARN_64_TO_32_BIT_CONVERSION = YES;
				GCC_WARN_ABOUT_RETURN_TYPE = YES;
				GCC_WARN_UNINITIALIZED_AUTOS = YES;
				GCC_WARN_UNUSED_VARIABLE = YES;
				MACOSX_DEPLOYMENT_TARGET = 10.8;
				SDKROOT = macosx;
			};
			name = Release;
		};
		BF2DCA6F1680FD9700C26D6E /* Debug */ = {
			isa = XCBuildConfiguration;
			buildSettings = {
				COMBINE_HIDPI_IMAGES = YES;
				DYLIB_COMPATIBILITY_VERSION = 1;
				DYLIB_CURRENT_VERSION = 1;
				FRAMEWORK_VERSION = A;
				GCC_PRECOMPILE_PREFIX_HEADER = YES;
				GCC_PREFIX_HEADER = "ScrapeKit/ScrapeKit-Prefix.pch";
				INFOPLIST_FILE = "ScrapeKit/ScrapeKit-Info.plist";
				PRODUCT_NAME = ScrapeKit;
				WRAPPER_EXTENSION = framework;
			};
			name = Debug;
		};
		BF2DCA701680FD9700C26D6E /* Release */ = {
			isa = XCBuildConfiguration;
			buildSettings = {
				COMBINE_HIDPI_IMAGES = YES;
				DYLIB_COMPATIBILITY_VERSION = 1;
				DYLIB_CURRENT_VERSION = 1;
				FRAMEWORK_VERSION = A;
				GCC_PRECOMPILE_PREFIX_HEADER = YES;
				GCC_PREFIX_HEADER = "ScrapeKit/ScrapeKit-Prefix.pch";
				INFOPLIST_FILE = "ScrapeKit/ScrapeKit-Info.plist";
				PRODUCT_NAME = ScrapeKit;
				WRAPPER_EXTENSION = framework;
			};
			name = Release;
		};
		BF2DCA801680FE1700C26D6E /* Debug */ = {
			isa = XCBuildConfiguration;
			buildSettings = {
				ARCHS = "$(ARCHS_STANDARD_32_BIT)";
				DSTROOT = /tmp/ScrapeKit.dst;
				GCC_PRECOMPILE_PREFIX_HEADER = YES;
				GCC_PREFIX_HEADER = "ScrapeKit/ScrapeKit-Prefix.pch";
				IPHONEOS_DEPLOYMENT_TARGET = 6.0;
				OTHER_LDFLAGS = "-ObjC";
				PRODUCT_NAME = ScrapeKit;
				SDKROOT = iphoneos;
				SKIP_INSTALL = YES;
			};
			name = Debug;
		};
		BF2DCA811680FE1700C26D6E /* Release */ = {
			isa = XCBuildConfiguration;
			buildSettings = {
				ARCHS = "$(ARCHS_STANDARD_32_BIT)";
				DSTROOT = /tmp/ScrapeKit.dst;
				GCC_PRECOMPILE_PREFIX_HEADER = YES;
				GCC_PREFIX_HEADER = "ScrapeKit/ScrapeKit-Prefix.pch";
				IPHONEOS_DEPLOYMENT_TARGET = 6.0;
				OTHER_LDFLAGS = "-ObjC";
				PRODUCT_NAME = ScrapeKit;
				SDKROOT = iphoneos;
				SKIP_INSTALL = YES;
				VALIDATE_PRODUCT = YES;
			};
			name = Release;
		};
/* End XCBuildConfiguration section */

/* Begin XCConfigurationList section */
		BF2DCA521680FD9700C26D6E /* Build configuration list for PBXProject "ScrapeKit" */ = {
			isa = XCConfigurationList;
			buildConfigurations = (
				BF2DCA6C1680FD9700C26D6E /* Debug */,
				BF2DCA6D1680FD9700C26D6E /* Release */,
			);
			defaultConfigurationIsVisible = 0;
			defaultConfigurationName = Release;
		};
		BF2DCA6E1680FD9700C26D6E /* Build configuration list for PBXNativeTarget "ScrapeKit.framework" */ = {
			isa = XCConfigurationList;
			buildConfigurations = (
				BF2DCA6F1680FD9700C26D6E /* Debug */,
				BF2DCA701680FD9700C26D6E /* Release */,
			);
			defaultConfigurationIsVisible = 0;
		};
		BF2DCA7F1680FE1700C26D6E /* Build configuration list for PBXNativeTarget "libScrapeKit.a" */ = {
			isa = XCConfigurationList;
			buildConfigurations = (
				BF2DCA801680FE1700C26D6E /* Debug */,
				BF2DCA811680FE1700C26D6E /* Release */,
			);
			defaultConfigurationIsVisible = 0;
		};
/* End XCConfigurationList section */
	};
	rootObject = BF2DCA4F1680FD9700C26D6E /* Project object */;
}
