// !$*UTF8*$!
{
	archiveVersion = 1;
	classes = {
	};
	objectVersion = 46;
	objects = {

/* Begin PBXBuildFile section */
		BF1FD8241681029E00A300C5 /* SKRule.h in Headers */ = {isa = PBXBuildFile; fileRef = BF1FD8221681029E00A300C5 /* SKRule.h */; settings = {ATTRIBUTES = (Public, ); }; };
		BF1FD8251681029E00A300C5 /* SKRule.m in Sources */ = {isa = PBXBuildFile; fileRef = BF1FD8231681029E00A300C5 /* SKRule.m */; };
		BF1FD8261681029E00A300C5 /* SKRule.m in Sources */ = {isa = PBXBuildFile; fileRef = BF1FD8231681029E00A300C5 /* SKRule.m */; };
		BF1FD8271681041300A300C5 /* ScrapeKit.h in CopyFiles */ = {isa = PBXBuildFile; fileRef = BF2DCA691680FD9700C26D6E /* ScrapeKit.h */; };
		BF1FD8281681041600A300C5 /* SKRule.h in CopyFiles */ = {isa = PBXBuildFile; fileRef = BF1FD8221681029E00A300C5 /* SKRule.h */; };
		BF2DCA5D1680FD9700C26D6E /* Cocoa.framework in Frameworks */ = {isa = PBXBuildFile; fileRef = BF2DCA5C1680FD9700C26D6E /* Cocoa.framework */; };
		BF2DCA671680FD9700C26D6E /* InfoPlist.strings in Resources */ = {isa = PBXBuildFile; fileRef = BF2DCA651680FD9700C26D6E /* InfoPlist.strings */; };
		BF2DCA771680FE1700C26D6E /* Foundation.framework in Frameworks */ = {isa = PBXBuildFile; fileRef = BF2DCA761680FE1700C26D6E /* Foundation.framework */; };
		BF2DCA821680FEF600C26D6E /* ScrapeKit.h in Headers */ = {isa = PBXBuildFile; fileRef = BF2DCA691680FD9700C26D6E /* ScrapeKit.h */; settings = {ATTRIBUTES = (Public, ); }; };
		BF34785C168267F90090FBCE /* SKFrame.h in Headers */ = {isa = PBXBuildFile; fileRef = BF34785A168267F90090FBCE /* SKFrame.h */; settings = {ATTRIBUTES = (Public, ); }; };
		BF34785D168267F90090FBCE /* SKFrame.m in Sources */ = {isa = PBXBuildFile; fileRef = BF34785B168267F90090FBCE /* SKFrame.m */; };
		BF34785E168267F90090FBCE /* SKFrame.m in Sources */ = {isa = PBXBuildFile; fileRef = BF34785B168267F90090FBCE /* SKFrame.m */; };
		BF34786216826C850090FBCE /* SKDebugger.h in Headers */ = {isa = PBXBuildFile; fileRef = BF34786016826C850090FBCE /* SKDebugger.h */; settings = {ATTRIBUTES = (Public, ); }; };
		BF34786316826C850090FBCE /* SKDebugger.m in Sources */ = {isa = PBXBuildFile; fileRef = BF34786116826C850090FBCE /* SKDebugger.m */; };
		BF34786416826C850090FBCE /* SKDebugger.m in Sources */ = {isa = PBXBuildFile; fileRef = BF34786116826C850090FBCE /* SKDebugger.m */; };
		BF34786716826E470090FBCE /* SKLabelRule.h in Headers */ = {isa = PBXBuildFile; fileRef = BF34786516826E470090FBCE /* SKLabelRule.h */; settings = {ATTRIBUTES = (Public, ); }; };
		BF34786816826E470090FBCE /* SKLabelRule.m in Sources */ = {isa = PBXBuildFile; fileRef = BF34786616826E470090FBCE /* SKLabelRule.m */; };
		BF34786916826E470090FBCE /* SKLabelRule.m in Sources */ = {isa = PBXBuildFile; fileRef = BF34786616826E470090FBCE /* SKLabelRule.m */; };
		BF34787D168272700090FBCE /* SKGotoRule.h in Headers */ = {isa = PBXBuildFile; fileRef = BF34787B168272700090FBCE /* SKGotoRule.h */; settings = {ATTRIBUTES = (Public, ); }; };
		BF34787E168272700090FBCE /* SKGotoRule.m in Sources */ = {isa = PBXBuildFile; fileRef = BF34787C168272700090FBCE /* SKGotoRule.m */; };
		BF34787F168272700090FBCE /* SKGotoRule.m in Sources */ = {isa = PBXBuildFile; fileRef = BF34787C168272700090FBCE /* SKGotoRule.m */; };
		BF3478931683015E0090FBCE /* SKTextBuffer.h in Headers */ = {isa = PBXBuildFile; fileRef = BF3478911683015E0090FBCE /* SKTextBuffer.h */; settings = {ATTRIBUTES = (Public, ); }; };
		BF3478941683015E0090FBCE /* SKTextBuffer.m in Sources */ = {isa = PBXBuildFile; fileRef = BF3478921683015E0090FBCE /* SKTextBuffer.m */; };
		BF3478951683015E0090FBCE /* SKTextBuffer.m in Sources */ = {isa = PBXBuildFile; fileRef = BF3478921683015E0090FBCE /* SKTextBuffer.m */; };
		BF347898168425820090FBCE /* SKInvokeRule.h in Headers */ = {isa = PBXBuildFile; fileRef = BF347896168425820090FBCE /* SKInvokeRule.h */; settings = {ATTRIBUTES = (Public, ); }; };
		BF347899168425820090FBCE /* SKInvokeRule.m in Sources */ = {isa = PBXBuildFile; fileRef = BF347897168425820090FBCE /* SKInvokeRule.m */; };
		BF34789A168425820090FBCE /* SKInvokeRule.m in Sources */ = {isa = PBXBuildFile; fileRef = BF347897168425820090FBCE /* SKInvokeRule.m */; };
		BF34789D168427BE0090FBCE /* SKPopRule.h in Headers */ = {isa = PBXBuildFile; fileRef = BF34789B168427BD0090FBCE /* SKPopRule.h */; settings = {ATTRIBUTES = (Public, ); }; };
		BF34789E168427BE0090FBCE /* SKPopRule.m in Sources */ = {isa = PBXBuildFile; fileRef = BF34789C168427BD0090FBCE /* SKPopRule.m */; };
		BF34789F168427BE0090FBCE /* SKPopRule.m in Sources */ = {isa = PBXBuildFile; fileRef = BF34789C168427BD0090FBCE /* SKPopRule.m */; };
		BFD9AD461681A787007F158A /* SKFunction.h in Headers */ = {isa = PBXBuildFile; fileRef = BFD9AD441681A787007F158A /* SKFunction.h */; settings = {ATTRIBUTES = (Public, ); }; };
		BFD9AD471681A787007F158A /* SKFunction.m in Sources */ = {isa = PBXBuildFile; fileRef = BFD9AD451681A787007F158A /* SKFunction.m */; };
		BFD9AD481681A787007F158A /* SKFunction.m in Sources */ = {isa = PBXBuildFile; fileRef = BFD9AD451681A787007F158A /* SKFunction.m */; };
		BFD9AD4B1681A7DC007F158A /* SKEngine.h in Headers */ = {isa = PBXBuildFile; fileRef = BFD9AD491681A7DC007F158A /* SKEngine.h */; settings = {ATTRIBUTES = (Public, ); }; };
		BFD9AD4C1681A7DC007F158A /* SKEngine.m in Sources */ = {isa = PBXBuildFile; fileRef = BFD9AD4A1681A7DC007F158A /* SKEngine.m */; };
		BFD9AD4D1681A7DC007F158A /* SKEngine.m in Sources */ = {isa = PBXBuildFile; fileRef = BFD9AD4A1681A7DC007F158A /* SKEngine.m */; };
		BFE049991693802600EA7F6E /* SKIfSuccessRule.h in Headers */ = {isa = PBXBuildFile; fileRef = BFE049971693802600EA7F6E /* SKIfSuccessRule.h */; settings = {ATTRIBUTES = (Public, ); }; };
		BFE0499A1693802600EA7F6E /* SKIfSuccessRule.m in Sources */ = {isa = PBXBuildFile; fileRef = BFE049981693802600EA7F6E /* SKIfSuccessRule.m */; };
		BFE0499B1693802600EA7F6E /* SKIfSuccessRule.m in Sources */ = {isa = PBXBuildFile; fileRef = BFE049981693802600EA7F6E /* SKIfSuccessRule.m */; };
		BFE0499E169382FF00EA7F6E /* SKIfFailureRule.h in Headers */ = {isa = PBXBuildFile; fileRef = BFE0499C169382FE00EA7F6E /* SKIfFailureRule.h */; settings = {ATTRIBUTES = (Public, ); }; };
		BFE0499F169382FF00EA7F6E /* SKIfFailureRule.m in Sources */ = {isa = PBXBuildFile; fileRef = BFE0499D169382FF00EA7F6E /* SKIfFailureRule.m */; };
		BFE049A0169382FF00EA7F6E /* SKIfFailureRule.m in Sources */ = {isa = PBXBuildFile; fileRef = BFE0499D169382FF00EA7F6E /* SKIfFailureRule.m */; };
		BFF05CAD169392590086583F /* Warnings.xcconfig in Resources */ = {isa = PBXBuildFile; fileRef = BFF05CAC169392590086583F /* Warnings.xcconfig */; };
		BFF05CB1169417440086583F /* SKPopIntoVarRule.h in Headers */ = {isa = PBXBuildFile; fileRef = BFF05CAF169417430086583F /* SKPopIntoVarRule.h */; settings = {ATTRIBUTES = (Public, ); }; };
		BFF05CB2169417440086583F /* SKPopIntoVarRule.m in Sources */ = {isa = PBXBuildFile; fileRef = BFF05CB0169417430086583F /* SKPopIntoVarRule.m */; };
		BFF05CB3169417440086583F /* SKPopIntoVarRule.m in Sources */ = {isa = PBXBuildFile; fileRef = BFF05CB0169417430086583F /* SKPopIntoVarRule.m */; };
		BFF05CB61694DE830086583F /* SKCreateVarRule.h in Headers */ = {isa = PBXBuildFile; fileRef = BFF05CB41694DE830086583F /* SKCreateVarRule.h */; settings = {ATTRIBUTES = (Public, ); }; };
		BFF05CB71694DE830086583F /* SKCreateVarRule.m in Sources */ = {isa = PBXBuildFile; fileRef = BFF05CB51694DE830086583F /* SKCreateVarRule.m */; };
		BFF05CB81694DE830086583F /* SKCreateVarRule.m in Sources */ = {isa = PBXBuildFile; fileRef = BFF05CB51694DE830086583F /* SKCreateVarRule.m */; };
		BFF05CBB1694E1790086583F /* SKAssignVarRule.h in Headers */ = {isa = PBXBuildFile; fileRef = BFF05CB91694E1780086583F /* SKAssignVarRule.h */; settings = {ATTRIBUTES = (Public, ); }; };
		BFF05CBC1694E1790086583F /* SKAssignVarRule.m in Sources */ = {isa = PBXBuildFile; fileRef = BFF05CBA1694E1780086583F /* SKAssignVarRule.m */; };
		BFF05CBD1694E1790086583F /* SKAssignVarRule.m in Sources */ = {isa = PBXBuildFile; fileRef = BFF05CBA1694E1780086583F /* SKAssignVarRule.m */; };
/* End PBXBuildFile section */

/* Begin PBXCopyFilesBuildPhase section */
		BF2DCA731680FE1700C26D6E /* CopyFiles */ = {
			isa = PBXCopyFilesBuildPhase;
			buildActionMask = 2147483647;
			dstPath = "include/${PRODUCT_NAME}";
			dstSubfolderSpec = 16;
			files = (
				BF1FD8281681041600A300C5 /* SKRule.h in CopyFiles */,
				BF1FD8271681041300A300C5 /* ScrapeKit.h in CopyFiles */,
			);
			runOnlyForDeploymentPostprocessing = 0;
		};
/* End PBXCopyFilesBuildPhase section */

/* Begin PBXFileReference section */
		BF1FD8221681029E00A300C5 /* SKRule.h */ = {isa = PBXFileReference; fileEncoding = 4; lastKnownFileType = sourcecode.c.h; path = SKRule.h; sourceTree = "<group>"; };
		BF1FD8231681029E00A300C5 /* SKRule.m */ = {isa = PBXFileReference; fileEncoding = 4; lastKnownFileType = sourcecode.c.objc; path = SKRule.m; sourceTree = "<group>"; };
		BF2DCA591680FD9700C26D6E /* ScrapeKit.framework */ = {isa = PBXFileReference; explicitFileType = wrapper.framework; includeInIndex = 0; path = ScrapeKit.framework; sourceTree = BUILT_PRODUCTS_DIR; };
		BF2DCA5C1680FD9700C26D6E /* Cocoa.framework */ = {isa = PBXFileReference; lastKnownFileType = wrapper.framework; name = Cocoa.framework; path = System/Library/Frameworks/Cocoa.framework; sourceTree = SDKROOT; };
		BF2DCA5F1680FD9700C26D6E /* AppKit.framework */ = {isa = PBXFileReference; lastKnownFileType = wrapper.framework; name = AppKit.framework; path = System/Library/Frameworks/AppKit.framework; sourceTree = SDKROOT; };
		BF2DCA601680FD9700C26D6E /* CoreData.framework */ = {isa = PBXFileReference; lastKnownFileType = wrapper.framework; name = CoreData.framework; path = System/Library/Frameworks/CoreData.framework; sourceTree = SDKROOT; };
		BF2DCA611680FD9700C26D6E /* Foundation.framework */ = {isa = PBXFileReference; lastKnownFileType = wrapper.framework; name = Foundation.framework; path = System/Library/Frameworks/Foundation.framework; sourceTree = SDKROOT; };
		BF2DCA641680FD9700C26D6E /* ScrapeKit-Info.plist */ = {isa = PBXFileReference; lastKnownFileType = text.plist.xml; path = "ScrapeKit-Info.plist"; sourceTree = "<group>"; };
		BF2DCA661680FD9700C26D6E /* en */ = {isa = PBXFileReference; lastKnownFileType = text.plist.strings; name = en; path = en.lproj/InfoPlist.strings; sourceTree = "<group>"; };
		BF2DCA681680FD9700C26D6E /* ScrapeKit-Prefix.pch */ = {isa = PBXFileReference; lastKnownFileType = sourcecode.c.h; path = "ScrapeKit-Prefix.pch"; sourceTree = "<group>"; };
		BF2DCA691680FD9700C26D6E /* ScrapeKit.h */ = {isa = PBXFileReference; lastKnownFileType = sourcecode.c.h; path = ScrapeKit.h; sourceTree = "<group>"; };
		BF2DCA751680FE1700C26D6E /* libScrapeKit.a */ = {isa = PBXFileReference; explicitFileType = archive.ar; includeInIndex = 0; path = libScrapeKit.a; sourceTree = BUILT_PRODUCTS_DIR; };
		BF2DCA761680FE1700C26D6E /* Foundation.framework */ = {isa = PBXFileReference; lastKnownFileType = wrapper.framework; name = Foundation.framework; path = System/Library/Frameworks/Foundation.framework; sourceTree = SDKROOT; };
		BF34785A168267F90090FBCE /* SKFrame.h */ = {isa = PBXFileReference; fileEncoding = 4; lastKnownFileType = sourcecode.c.h; name = SKFrame.h; path = Engine/SKFrame.h; sourceTree = "<group>"; };
		BF34785B168267F90090FBCE /* SKFrame.m */ = {isa = PBXFileReference; fileEncoding = 4; lastKnownFileType = sourcecode.c.objc; name = SKFrame.m; path = Engine/SKFrame.m; sourceTree = "<group>"; };
		BF34786016826C850090FBCE /* SKDebugger.h */ = {isa = PBXFileReference; fileEncoding = 4; lastKnownFileType = sourcecode.c.h; path = SKDebugger.h; sourceTree = "<group>"; };
		BF34786116826C850090FBCE /* SKDebugger.m */ = {isa = PBXFileReference; fileEncoding = 4; lastKnownFileType = sourcecode.c.objc; path = SKDebugger.m; sourceTree = "<group>"; };
		BF34786516826E470090FBCE /* SKLabelRule.h */ = {isa = PBXFileReference; fileEncoding = 4; lastKnownFileType = sourcecode.c.h; path = SKLabelRule.h; sourceTree = "<group>"; };
		BF34786616826E470090FBCE /* SKLabelRule.m */ = {isa = PBXFileReference; fileEncoding = 4; lastKnownFileType = sourcecode.c.objc; path = SKLabelRule.m; sourceTree = "<group>"; };
		BF34787B168272700090FBCE /* SKGotoRule.h */ = {isa = PBXFileReference; fileEncoding = 4; lastKnownFileType = sourcecode.c.h; path = SKGotoRule.h; sourceTree = "<group>"; };
		BF34787C168272700090FBCE /* SKGotoRule.m */ = {isa = PBXFileReference; fileEncoding = 4; lastKnownFileType = sourcecode.c.objc; path = SKGotoRule.m; sourceTree = "<group>"; };
		BF3478911683015E0090FBCE /* SKTextBuffer.h */ = {isa = PBXFileReference; fileEncoding = 4; lastKnownFileType = sourcecode.c.h; path = SKTextBuffer.h; sourceTree = "<group>"; };
		BF3478921683015E0090FBCE /* SKTextBuffer.m */ = {isa = PBXFileReference; fileEncoding = 4; lastKnownFileType = sourcecode.c.objc; path = SKTextBuffer.m; sourceTree = "<group>"; };
		BF347896168425820090FBCE /* SKInvokeRule.h */ = {isa = PBXFileReference; fileEncoding = 4; lastKnownFileType = sourcecode.c.h; path = SKInvokeRule.h; sourceTree = "<group>"; };
		BF347897168425820090FBCE /* SKInvokeRule.m */ = {isa = PBXFileReference; fileEncoding = 4; lastKnownFileType = sourcecode.c.objc; path = SKInvokeRule.m; sourceTree = "<group>"; };
		BF34789B168427BD0090FBCE /* SKPopRule.h */ = {isa = PBXFileReference; fileEncoding = 4; lastKnownFileType = sourcecode.c.h; path = SKPopRule.h; sourceTree = "<group>"; };
		BF34789C168427BD0090FBCE /* SKPopRule.m */ = {isa = PBXFileReference; fileEncoding = 4; lastKnownFileType = sourcecode.c.objc; path = SKPopRule.m; sourceTree = "<group>"; };
		BFD9AD441681A787007F158A /* SKFunction.h */ = {isa = PBXFileReference; fileEncoding = 4; lastKnownFileType = sourcecode.c.h; name = SKFunction.h; path = Engine/SKFunction.h; sourceTree = "<group>"; };
		BFD9AD451681A787007F158A /* SKFunction.m */ = {isa = PBXFileReference; fileEncoding = 4; lastKnownFileType = sourcecode.c.objc; name = SKFunction.m; path = Engine/SKFunction.m; sourceTree = "<group>"; };
		BFD9AD491681A7DC007F158A /* SKEngine.h */ = {isa = PBXFileReference; fileEncoding = 4; lastKnownFileType = sourcecode.c.h; path = SKEngine.h; sourceTree = "<group>"; };
		BFD9AD4A1681A7DC007F158A /* SKEngine.m */ = {isa = PBXFileReference; fileEncoding = 4; lastKnownFileType = sourcecode.c.objc; path = SKEngine.m; sourceTree = "<group>"; };
		BFE049971693802600EA7F6E /* SKIfSuccessRule.h */ = {isa = PBXFileReference; fileEncoding = 4; lastKnownFileType = sourcecode.c.h; path = SKIfSuccessRule.h; sourceTree = "<group>"; };
		BFE049981693802600EA7F6E /* SKIfSuccessRule.m */ = {isa = PBXFileReference; fileEncoding = 4; lastKnownFileType = sourcecode.c.objc; path = SKIfSuccessRule.m; sourceTree = "<group>"; };
		BFE0499C169382FE00EA7F6E /* SKIfFailureRule.h */ = {isa = PBXFileReference; fileEncoding = 4; lastKnownFileType = sourcecode.c.h; path = SKIfFailureRule.h; sourceTree = "<group>"; };
		BFE0499D169382FF00EA7F6E /* SKIfFailureRule.m */ = {isa = PBXFileReference; fileEncoding = 4; lastKnownFileType = sourcecode.c.objc; path = SKIfFailureRule.m; sourceTree = "<group>"; };
		BFF05CAC169392590086583F /* Warnings.xcconfig */ = {isa = PBXFileReference; fileEncoding = 4; lastKnownFileType = text.xcconfig; path = Warnings.xcconfig; sourceTree = "<group>"; };
		BFF05CAF169417430086583F /* SKPopIntoVarRule.h */ = {isa = PBXFileReference; fileEncoding = 4; lastKnownFileType = sourcecode.c.h; path = SKPopIntoVarRule.h; sourceTree = "<group>"; };
		BFF05CB0169417430086583F /* SKPopIntoVarRule.m */ = {isa = PBXFileReference; fileEncoding = 4; lastKnownFileType = sourcecode.c.objc; path = SKPopIntoVarRule.m; sourceTree = "<group>"; };
		BFF05CB41694DE830086583F /* SKCreateVarRule.h */ = {isa = PBXFileReference; fileEncoding = 4; lastKnownFileType = sourcecode.c.h; path = SKCreateVarRule.h; sourceTree = "<group>"; };
		BFF05CB51694DE830086583F /* SKCreateVarRule.m */ = {isa = PBXFileReference; fileEncoding = 4; lastKnownFileType = sourcecode.c.objc; path = SKCreateVarRule.m; sourceTree = "<group>"; };
		BFF05CB91694E1780086583F /* SKAssignVarRule.h */ = {isa = PBXFileReference; fileEncoding = 4; lastKnownFileType = sourcecode.c.h; path = SKAssignVarRule.h; sourceTree = "<group>"; };
		BFF05CBA1694E1780086583F /* SKAssignVarRule.m */ = {isa = PBXFileReference; fileEncoding = 4; lastKnownFileType = sourcecode.c.objc; path = SKAssignVarRule.m; sourceTree = "<group>"; };
/* End PBXFileReference section */

/* Begin PBXFrameworksBuildPhase section */
		BF2DCA551680FD9700C26D6E /* Frameworks */ = {
			isa = PBXFrameworksBuildPhase;
			buildActionMask = 2147483647;
			files = (
				BF2DCA5D1680FD9700C26D6E /* Cocoa.framework in Frameworks */,
			);
			runOnlyForDeploymentPostprocessing = 0;
		};
		BF2DCA721680FE1700C26D6E /* Frameworks */ = {
			isa = PBXFrameworksBuildPhase;
			buildActionMask = 2147483647;
			files = (
				BF2DCA771680FE1700C26D6E /* Foundation.framework in Frameworks */,
			);
			runOnlyForDeploymentPostprocessing = 0;
		};
/* End PBXFrameworksBuildPhase section */

/* Begin PBXGroup section */
		BF1FD8211681027C00A300C5 /* Rules */ = {
			isa = PBXGroup;
			children = (
				BF1FD8221681029E00A300C5 /* SKRule.h */,
				BF1FD8231681029E00A300C5 /* SKRule.m */,
				BFF05CB91694E1780086583F /* SKAssignVarRule.h */,
				BFF05CBA1694E1780086583F /* SKAssignVarRule.m */,
				BFF05CB41694DE830086583F /* SKCreateVarRule.h */,
				BFF05CB51694DE830086583F /* SKCreateVarRule.m */,
				BF34786516826E470090FBCE /* SKLabelRule.h */,
				BF34786616826E470090FBCE /* SKLabelRule.m */,
				BF34787B168272700090FBCE /* SKGotoRule.h */,
				BF34787C168272700090FBCE /* SKGotoRule.m */,
				BFE049971693802600EA7F6E /* SKIfSuccessRule.h */,
				BFE049981693802600EA7F6E /* SKIfSuccessRule.m */,
				BFE0499C169382FE00EA7F6E /* SKIfFailureRule.h */,
				BFE0499D169382FF00EA7F6E /* SKIfFailureRule.m */,
				BF347896168425820090FBCE /* SKInvokeRule.h */,
				BF347897168425820090FBCE /* SKInvokeRule.m */,
				BF34789B168427BD0090FBCE /* SKPopRule.h */,
				BF34789C168427BD0090FBCE /* SKPopRule.m */,
				BFF05CAF169417430086583F /* SKPopIntoVarRule.h */,
				BFF05CB0169417430086583F /* SKPopIntoVarRule.m */,
			);
			name = Rules;
			path = Engine/Rules;
			sourceTree = "<group>";
		};
		BF2DCA4D1680FD9700C26D6E = {
			isa = PBXGroup;
			children = (
				BFF05CAC169392590086583F /* Warnings.xcconfig */,
				BF2DCA621680FD9700C26D6E /* ScrapeKit */,
				BF2DCA5B1680FD9700C26D6E /* Frameworks */,
				BF2DCA5A1680FD9700C26D6E /* Products */,
			);
			sourceTree = "<group>";
		};
		BF2DCA5A1680FD9700C26D6E /* Products */ = {
			isa = PBXGroup;
			children = (
				BF2DCA591680FD9700C26D6E /* ScrapeKit.framework */,
				BF2DCA751680FE1700C26D6E /* libScrapeKit.a */,
			);
			name = Products;
			sourceTree = "<group>";
		};
		BF2DCA5B1680FD9700C26D6E /* Frameworks */ = {
			isa = PBXGroup;
			children = (
				BF2DCA5C1680FD9700C26D6E /* Cocoa.framework */,
				BF2DCA761680FE1700C26D6E /* Foundation.framework */,
				BF2DCA5E1680FD9700C26D6E /* Other Frameworks */,
			);
			name = Frameworks;
			sourceTree = "<group>";
		};
		BF2DCA5E1680FD9700C26D6E /* Other Frameworks */ = {
			isa = PBXGroup;
			children = (
				BF2DCA5F1680FD9700C26D6E /* AppKit.framework */,
				BF2DCA601680FD9700C26D6E /* CoreData.framework */,
				BF2DCA611680FD9700C26D6E /* Foundation.framework */,
			);
			name = "Other Frameworks";
			sourceTree = "<group>";
		};
		BF2DCA621680FD9700C26D6E /* ScrapeKit */ = {
			isa = PBXGroup;
			children = (
				BF2DCA861681006F00C26D6E /* Classes */,
				BF2DCA851681006700C26D6E /* External */,
				BF2DCA841681004F00C26D6E /* Other Sources */,
				BF2DCA831681003F00C26D6E /* Resources */,
			);
			path = ScrapeKit;
			sourceTree = "<group>";
		};
		BF2DCA831681003F00C26D6E /* Resources */ = {
			isa = PBXGroup;
			children = (
				BF2DCA871681012300C26D6E /* en.lproj */,
				BF2DCA641680FD9700C26D6E /* ScrapeKit-Info.plist */,
			);
			path = Resources;
			sourceTree = "<group>";
		};
		BF2DCA841681004F00C26D6E /* Other Sources */ = {
			isa = PBXGroup;
			children = (
				BF2DCA681680FD9700C26D6E /* ScrapeKit-Prefix.pch */,
			);
			path = "Other Sources";
			sourceTree = "<group>";
		};
		BF2DCA851681006700C26D6E /* External */ = {
			isa = PBXGroup;
			children = (
			);
			path = External;
			sourceTree = "<group>";
		};
		BF2DCA861681006F00C26D6E /* Classes */ = {
			isa = PBXGroup;
			children = (
				BF2DCA691680FD9700C26D6E /* ScrapeKit.h */,
				BFD9AD421681A757007F158A /* Engine */,
			);
			path = Classes;
			sourceTree = "<group>";
		};
		BF2DCA871681012300C26D6E /* en.lproj */ = {
			isa = PBXGroup;
			children = (
				BF2DCA651680FD9700C26D6E /* InfoPlist.strings */,
			);
			name = en.lproj;
			sourceTree = "<group>";
		};
		BFD9AD421681A757007F158A /* Engine */ = {
			isa = PBXGroup;
			children = (
				BF1FD8211681027C00A300C5 /* Rules */,
				BFD9AD491681A7DC007F158A /* SKEngine.h */,
				BFD9AD4A1681A7DC007F158A /* SKEngine.m */,
				BFD9AD441681A787007F158A /* SKFunction.h */,
				BFD9AD451681A787007F158A /* SKFunction.m */,
				BF34785A168267F90090FBCE /* SKFrame.h */,
				BF34785B168267F90090FBCE /* SKFrame.m */,
				BF34786016826C850090FBCE /* SKDebugger.h */,
				BF34786116826C850090FBCE /* SKDebugger.m */,
				BF3478911683015E0090FBCE /* SKTextBuffer.h */,
				BF3478921683015E0090FBCE /* SKTextBuffer.m */,
			);
			name = Engine;
			sourceTree = "<group>";
		};
/* End PBXGroup section */

/* Begin PBXHeadersBuildPhase section */
		BF2DCA561680FD9700C26D6E /* Headers */ = {
			isa = PBXHeadersBuildPhase;
			buildActionMask = 2147483647;
			files = (
				BF2DCA821680FEF600C26D6E /* ScrapeKit.h in Headers */,
				BF1FD8241681029E00A300C5 /* SKRule.h in Headers */,
				BFD9AD461681A787007F158A /* SKFunction.h in Headers */,
				BFD9AD4B1681A7DC007F158A /* SKEngine.h in Headers */,
				BF34785C168267F90090FBCE /* SKFrame.h in Headers */,
				BF34786216826C850090FBCE /* SKDebugger.h in Headers */,
				BF34786716826E470090FBCE /* SKLabelRule.h in Headers */,
				BF34787D168272700090FBCE /* SKGotoRule.h in Headers */,
				BF3478931683015E0090FBCE /* SKTextBuffer.h in Headers */,
				BF347898168425820090FBCE /* SKInvokeRule.h in Headers */,
				BF34789D168427BE0090FBCE /* SKPopRule.h in Headers */,
				BFE049991693802600EA7F6E /* SKIfSuccessRule.h in Headers */,
				BFE0499E169382FF00EA7F6E /* SKIfFailureRule.h in Headers */,
				BFF05CB1169417440086583F /* SKPopIntoVarRule.h in Headers */,
				BFF05CB61694DE830086583F /* SKCreateVarRule.h in Headers */,
				BFF05CBB1694E1790086583F /* SKAssignVarRule.h in Headers */,
			);
			runOnlyForDeploymentPostprocessing = 0;
		};
/* End PBXHeadersBuildPhase section */

/* Begin PBXNativeTarget section */
		BF2DCA581680FD9700C26D6E /* ScrapeKit.framework */ = {
			isa = PBXNativeTarget;
			buildConfigurationList = BF2DCA6E1680FD9700C26D6E /* Build configuration list for PBXNativeTarget "ScrapeKit.framework" */;
			buildPhases = (
				BF2DCA541680FD9700C26D6E /* Sources */,
				BF2DCA551680FD9700C26D6E /* Frameworks */,
				BF2DCA561680FD9700C26D6E /* Headers */,
				BF2DCA571680FD9700C26D6E /* Resources */,
			);
			buildRules = (
			);
			dependencies = (
			);
			name = ScrapeKit.framework;
			productName = ScrapeKit;
			productReference = BF2DCA591680FD9700C26D6E /* ScrapeKit.framework */;
			productType = "com.apple.product-type.framework";
		};
		BF2DCA741680FE1700C26D6E /* libScrapeKit.a */ = {
			isa = PBXNativeTarget;
			buildConfigurationList = BF2DCA7F1680FE1700C26D6E /* Build configuration list for PBXNativeTarget "libScrapeKit.a" */;
			buildPhases = (
				BF2DCA711680FE1700C26D6E /* Sources */,
				BF2DCA721680FE1700C26D6E /* Frameworks */,
				BF2DCA731680FE1700C26D6E /* CopyFiles */,
			);
			buildRules = (
			);
			dependencies = (
			);
			name = libScrapeKit.a;
			productName = ScrapeKit;
			productReference = BF2DCA751680FE1700C26D6E /* libScrapeKit.a */;
			productType = "com.apple.product-type.library.static";
		};
/* End PBXNativeTarget section */

/* Begin PBXProject section */
		BF2DCA4F1680FD9700C26D6E /* Project object */ = {
			isa = PBXProject;
			attributes = {
				LastUpgradeCheck = 0450;
				ORGANIZATIONNAME = "BlackDog Foundry";
			};
			buildConfigurationList = BF2DCA521680FD9700C26D6E /* Build configuration list for PBXProject "ScrapeKit" */;
			compatibilityVersion = "Xcode 3.2";
			developmentRegion = English;
			hasScannedForEncodings = 0;
			knownRegions = (
				en,
			);
			mainGroup = BF2DCA4D1680FD9700C26D6E;
			productRefGroup = BF2DCA5A1680FD9700C26D6E /* Products */;
			projectDirPath = "";
			projectRoot = "";
			targets = (
				BF2DCA581680FD9700C26D6E /* ScrapeKit.framework */,
				BF2DCA741680FE1700C26D6E /* libScrapeKit.a */,
			);
		};
/* End PBXProject section */

/* Begin PBXResourcesBuildPhase section */
		BF2DCA571680FD9700C26D6E /* Resources */ = {
			isa = PBXResourcesBuildPhase;
			buildActionMask = 2147483647;
			files = (
				BF2DCA671680FD9700C26D6E /* InfoPlist.strings in Resources */,
				BFF05CAD169392590086583F /* Warnings.xcconfig in Resources */,
			);
			runOnlyForDeploymentPostprocessing = 0;
		};
/* End PBXResourcesBuildPhase section */

/* Begin PBXSourcesBuildPhase section */
		BF2DCA541680FD9700C26D6E /* Sources */ = {
			isa = PBXSourcesBuildPhase;
			buildActionMask = 2147483647;
			files = (
				BF1FD8251681029E00A300C5 /* SKRule.m in Sources */,
				BFD9AD471681A787007F158A /* SKFunction.m in Sources */,
				BFD9AD4C1681A7DC007F158A /* SKEngine.m in Sources */,
				BF34785D168267F90090FBCE /* SKFrame.m in Sources */,
				BF34786316826C850090FBCE /* SKDebugger.m in Sources */,
				BF34786816826E470090FBCE /* SKLabelRule.m in Sources */,
				BF34787E168272700090FBCE /* SKGotoRule.m in Sources */,
				BF3478941683015E0090FBCE /* SKTextBuffer.m in Sources */,
				BF347899168425820090FBCE /* SKInvokeRule.m in Sources */,
				BF34789E168427BE0090FBCE /* SKPopRule.m in Sources */,
				BFE0499A1693802600EA7F6E /* SKIfSuccessRule.m in Sources */,
				BFE0499F169382FF00EA7F6E /* SKIfFailureRule.m in Sources */,
				BFF05CB2169417440086583F /* SKPopIntoVarRule.m in Sources */,
				BFF05CB71694DE830086583F /* SKCreateVarRule.m in Sources */,
				BFF05CBC1694E1790086583F /* SKAssignVarRule.m in Sources */,
			);
			runOnlyForDeploymentPostprocessing = 0;
		};
		BF2DCA711680FE1700C26D6E /* Sources */ = {
			isa = PBXSourcesBuildPhase;
			buildActionMask = 2147483647;
			files = (
				BF1FD8261681029E00A300C5 /* SKRule.m in Sources */,
				BFD9AD481681A787007F158A /* SKFunction.m in Sources */,
				BFD9AD4D1681A7DC007F158A /* SKEngine.m in Sources */,
				BF34785E168267F90090FBCE /* SKFrame.m in Sources */,
				BF34786416826C850090FBCE /* SKDebugger.m in Sources */,
				BF34786916826E470090FBCE /* SKLabelRule.m in Sources */,
				BF34787F168272700090FBCE /* SKGotoRule.m in Sources */,
				BF3478951683015E0090FBCE /* SKTextBuffer.m in Sources */,
				BF34789A168425820090FBCE /* SKInvokeRule.m in Sources */,
				BF34789F168427BE0090FBCE /* SKPopRule.m in Sources */,
				BFE0499B1693802600EA7F6E /* SKIfSuccessRule.m in Sources */,
				BFE049A0169382FF00EA7F6E /* SKIfFailureRule.m in Sources */,
				BFF05CB3169417440086583F /* SKPopIntoVarRule.m in Sources */,
				BFF05CB81694DE830086583F /* SKCreateVarRule.m in Sources */,
				BFF05CBD1694E1790086583F /* SKAssignVarRule.m in Sources */,
			);
			runOnlyForDeploymentPostprocessing = 0;
		};
/* End PBXSourcesBuildPhase section */

/* Begin PBXVariantGroup section */
		BF2DCA651680FD9700C26D6E /* InfoPlist.strings */ = {
			isa = PBXVariantGroup;
			children = (
				BF2DCA661680FD9700C26D6E /* en */,
			);
			name = InfoPlist.strings;
			sourceTree = "<group>";
		};
/* End PBXVariantGroup section */

/* Begin XCBuildConfiguration section */
		BF2DCA6C1680FD9700C26D6E /* Debug */ = {
			isa = XCBuildConfiguration;
			baseConfigurationReference = BFF05CAC169392590086583F /* Warnings.xcconfig */;
			buildSettings = {
				ALWAYS_SEARCH_USER_PATHS = NO;
				ARCHS = "$(ARCHS_STANDARD_64_BIT)";
				CLANG_CXX_LANGUAGE_STANDARD = "gnu++0x";
				CLANG_CXX_LIBRARY = "libc++";
				CLANG_ENABLE_OBJC_ARC = YES;
				CLANG_WARN_EMPTY_BODY = YES;
				CLANG_WARN__DUPLICATE_METHOD_MATCH = YES;
				COPY_PHASE_STRIP = NO;
				GCC_C_LANGUAGE_STANDARD = gnu99;
				GCC_DYNAMIC_NO_PIC = NO;
				GCC_ENABLE_OBJC_EXCEPTIONS = YES;
				GCC_OPTIMIZATION_LEVEL = 0;
				GCC_PREPROCESSOR_DEFINITIONS = (
					"DEBUG=1",
					"$(inherited)",
				);
				GCC_SYMBOLS_PRIVATE_EXTERN = NO;
				GCC_WARN_64_TO_32_BIT_CONVERSION = YES;
				GCC_WARN_ABOUT_RETURN_TYPE = YES;
				GCC_WARN_UNINITIALIZED_AUTOS = YES;
				GCC_WARN_UNUSED_VARIABLE = YES;
				MACOSX_DEPLOYMENT_TARGET = 10.8;
				ONLY_ACTIVE_ARCH = YES;
				SDKROOT = macosx;
			};
			name = Debug;
		};
		BF2DCA6D1680FD9700C26D6E /* Release */ = {
			isa = XCBuildConfiguration;
			baseConfigurationReference = BFF05CAC169392590086583F /* Warnings.xcconfig */;
			buildSettings = {
				ALWAYS_SEARCH_USER_PATHS = NO;
				ARCHS = "$(ARCHS_STANDARD_64_BIT)";
				CLANG_CXX_LANGUAGE_STANDARD = "gnu++0x";
				CLANG_CXX_LIBRARY = "libc++";
				CLANG_ENABLE_OBJC_ARC = YES;
				CLANG_WARN_EMPTY_BODY = YES;
				CLANG_WARN__DUPLICATE_METHOD_MATCH = YES;
				COPY_PHASE_STRIP = YES;
				DEBUG_INFORMATION_FORMAT = "dwarf-with-dsym";
				GCC_C_LANGUAGE_STANDARD = gnu99;
				GCC_ENABLE_OBJC_EXCEPTIONS = YES;
				GCC_WARN_64_TO_32_BIT_CONVERSION = YES;
				GCC_WARN_ABOUT_RETURN_TYPE = YES;
				GCC_WARN_UNINITIALIZED_AUTOS = YES;
				GCC_WARN_UNUSED_VARIABLE = YES;
				MACOSX_DEPLOYMENT_TARGET = 10.8;
				SDKROOT = macosx;
			};
			name = Release;
		};
		BF2DCA6F1680FD9700C26D6E /* Debug */ = {
			isa = XCBuildConfiguration;
			baseConfigurationReference = BFF05CAC169392590086583F /* Warnings.xcconfig */;
			buildSettings = {
				COMBINE_HIDPI_IMAGES = YES;
				DYLIB_COMPATIBILITY_VERSION = 1;
				DYLIB_CURRENT_VERSION = 1;
				FRAMEWORK_VERSION = A;
				GCC_PRECOMPILE_PREFIX_HEADER = YES;
				GCC_PREFIX_HEADER = "ScrapeKit/Other Sources/ScrapeKit-Prefix.pch";
				INFOPLIST_FILE = "ScrapeKit/Resources/ScrapeKit-Info.plist";
				PRODUCT_NAME = ScrapeKit;
				WRAPPER_EXTENSION = framework;
			};
			name = Debug;
		};
		BF2DCA701680FD9700C26D6E /* Release */ = {
			isa = XCBuildConfiguration;
			baseConfigurationReference = BFF05CAC169392590086583F /* Warnings.xcconfig */;
			buildSettings = {
				COMBINE_HIDPI_IMAGES = YES;
				DYLIB_COMPATIBILITY_VERSION = 1;
				DYLIB_CURRENT_VERSION = 1;
				FRAMEWORK_VERSION = A;
				GCC_PRECOMPILE_PREFIX_HEADER = YES;
				GCC_PREFIX_HEADER = "ScrapeKit/Other Sources/ScrapeKit-Prefix.pch";
				INFOPLIST_FILE = "ScrapeKit/Resources/ScrapeKit-Info.plist";
				PRODUCT_NAME = ScrapeKit;
				WRAPPER_EXTENSION = framework;
			};
			name = Release;
		};
		BF2DCA801680FE1700C26D6E /* Debug */ = {
			isa = XCBuildConfiguration;
			baseConfigurationReference = BFF05CAC169392590086583F /* Warnings.xcconfig */;
			buildSettings = {
				ARCHS = "$(ARCHS_STANDARD_32_BIT)";
				DSTROOT = /tmp/ScrapeKit.dst;
				GCC_PRECOMPILE_PREFIX_HEADER = YES;
				GCC_PREFIX_HEADER = "ScrapeKit/Other Sources/ScrapeKit-Prefix.pch";
				IPHONEOS_DEPLOYMENT_TARGET = 6.0;
				OTHER_LDFLAGS = "-ObjC";
				PRODUCT_NAME = ScrapeKit;
				PUBLIC_HEADERS_FOLDER_PATH = include/ScrapeKit;
				SDKROOT = iphoneos;
				SKIP_INSTALL = YES;
			};
			name = Debug;
		};
		BF2DCA811680FE1700C26D6E /* Release */ = {
			isa = XCBuildConfiguration;
			baseConfigurationReference = BFF05CAC169392590086583F /* Warnings.xcconfig */;
			buildSettings = {
				ARCHS = "$(ARCHS_STANDARD_32_BIT)";
				DSTROOT = /tmp/ScrapeKit.dst;
				GCC_PRECOMPILE_PREFIX_HEADER = YES;
				GCC_PREFIX_HEADER = "ScrapeKit/Other Sources/ScrapeKit-Prefix.pch";
				IPHONEOS_DEPLOYMENT_TARGET = 6.0;
				OTHER_LDFLAGS = "-ObjC";
				PRODUCT_NAME = ScrapeKit;
				PUBLIC_HEADERS_FOLDER_PATH = include/ScrapeKit;
				SDKROOT = iphoneos;
				SKIP_INSTALL = YES;
				VALIDATE_PRODUCT = YES;
			};
			name = Release;
		};
/* End XCBuildConfiguration section */

/* Begin XCConfigurationList section */
		BF2DCA521680FD9700C26D6E /* Build configuration list for PBXProject "ScrapeKit" */ = {
			isa = XCConfigurationList;
			buildConfigurations = (
				BF2DCA6C1680FD9700C26D6E /* Debug */,
				BF2DCA6D1680FD9700C26D6E /* Release */,
			);
			defaultConfigurationIsVisible = 0;
			defaultConfigurationName = Release;
		};
		BF2DCA6E1680FD9700C26D6E /* Build configuration list for PBXNativeTarget "ScrapeKit.framework" */ = {
			isa = XCConfigurationList;
			buildConfigurations = (
				BF2DCA6F1680FD9700C26D6E /* Debug */,
				BF2DCA701680FD9700C26D6E /* Release */,
			);
			defaultConfigurationIsVisible = 0;
			defaultConfigurationName = Release;
		};
		BF2DCA7F1680FE1700C26D6E /* Build configuration list for PBXNativeTarget "libScrapeKit.a" */ = {
			isa = XCConfigurationList;
			buildConfigurations = (
				BF2DCA801680FE1700C26D6E /* Debug */,
				BF2DCA811680FE1700C26D6E /* Release */,
			);
			defaultConfigurationIsVisible = 0;
			defaultConfigurationName = Release;
		};
/* End XCConfigurationList section */
	};
	rootObject = BF2DCA4F1680FD9700C26D6E /* Project object */;
}
